{
  "nodes": {
    "flake-utils": {
      "locked": {
        "lastModified": 1618217525,
        "narHash": "sha256-WGrhVczjXTiswQaoxQ+0PTfbLNeOQM6M36zvLn78AYg=",
        "owner": "numtide",
        "repo": "flake-utils",
        "rev": "c6169a2772643c4a93a0b5ac1c61e296cba68544",
        "type": "github"
      },
      "original": {
        "owner": "numtide",
        "repo": "flake-utils",
        "type": "github"
      }
    },
    "katago": {
      "flake": false,
      "locked": {
        "lastModified": 1652322743,
        "narHash": "sha256-u3B5wFE4QnA8rqju7yxq9t/rI49wMzqlTyzqgzkH4oY=",
        "owner": "hzyhhzy",
        "repo": "KataGo",
        "rev": "ab3df7864a104601eb20470cbed79619599c8cfc",
        "type": "github"
      },
      "original": {
        "owner": "hzyhhzy",
        "ref": "Hex2022",
        "repo": "KataGo",
        "type": "github"
      }
    },
    "make-shell": {
      "locked": {
        "lastModified": 1634940815,
        "narHash": "sha256-P69OmveboXzS+es1vQGS4bt+ckwbeIExqxfGLjGuJqA=",
        "owner": "ursi",
        "repo": "nix-make-shell",
        "rev": "8add91681170924e4d0591b22f294aee3f5516f9",
        "type": "github"
      },
      "original": {
        "owner": "ursi",
        "ref": "1",
        "repo": "nix-make-shell",
        "type": "github"
      }
    },
    "nixpkgs": {
      "locked": {
        "lastModified": 1676209454,
        "narHash": "sha256-alj9mBkV9U6tTPDK026671D2pesLSYZZc9j5dBZJ9f0=",
        "owner": "NixOS",
        "repo": "nixpkgs",
        "rev": "8c619a1f3cedd16ea172146e30645e703d21bfc1",
        "type": "github"
      },
      "original": {
        "owner": "NixOS",
        "ref": "nixpkgs-unstable",
        "repo": "nixpkgs",
        "type": "github"
      }
    },
    "root": {
      "inputs": {
        "katago": "katago",
        "make-shell": "make-shell",
        "nixpkgs": "nixpkgs",
        "utils": "utils"
      }
    },
    "utils": {
      "inputs": {
        "flake-utils": "flake-utils"
      },
      "locked": {
        "lastModified": 1658606827,
        "narHash": "sha256-3kSWTDpV4+uApt/Xd0kv2m7TR1Y6A7SgYUeX86/qYuU=",
        "owner": "ursi",
        "repo": "flake-utils",
        "rev": "faec5f7431da6747a69957a9cd65e35b5173e10a",
        "type": "github"
      },
      "original": {
        "owner": "ursi",
        "ref": "8",
        "repo": "flake-utils",
        "type": "github"
      }
    }
  },
  "root": "root",
  "version": 7
}
